
Microsoft Visual Studio Solution File, Format Version 12.00
# Visual Studio Version 16
VisualStudioVersion = 16.0.30907.101
MinimumVisualStudioVersion = 10.0.40219.1
Project("{FAE04EC0-301F-11D3-BF4B-00C04F79EFBC}") = "TypesAndVariables", "TypesAndVariables\TypesAndVariables.csproj", "{6B1253DF-5DD0-4750-9864-96CD79773E37}"
EndProject
Project("{FAE04EC0-301F-11D3-BF4B-00C04F79EFBC}") = "Conditionals", "Conditionals\Conditionals.csproj", "{4B67BF2D-C298-4FDB-B766-F2E00C72409F}"
EndProject
Project("{FAE04EC0-301F-11D3-BF4B-00C04F79EFBC}") = "Methods", "Methods\Methods.csproj", "{BEE0CCB5-4C0A-4F39-9B15-09659EB9A7F9}"
EndProject
Project("{FAE04EC0-301F-11D3-BF4B-00C04F79EFBC}") = "Arrays", "Arrays\Arrays.csproj", "{BA1FB999-2CE1-4282-A1E0-FC70F126291D}"
EndProject
Project("{FAE04EC0-301F-11D3-BF4B-00C04F79EFBC}") = "Loops", "Loops\Loops.csproj", "{C8FD419E-EC72-4238-A207-7DA15446F069}"
EndProject
Project("{FAE04EC0-301F-11D3-BF4B-00C04F79EFBC}") = "Strings", "Strings\Strings.csproj", "{3C25CE73-2907-4743-83B4-F93D0EC468E8}"
EndProject
Project("{FAE04EC0-301F-11D3-BF4B-00C04F79EFBC}") = "Classes", "Classes\Classes.csproj", "{99D9FDD0-8054-4C28-AC34-8FB871A54F7E}"
EndProject
Project("{FAE04EC0-301F-11D3-BF4B-00C04F79EFBC}") = "RecapDemo1", "RecapDemo1\RecapDemo1.csproj", "{F1DB7166-933E-4C30-8C01-F5755BBBA9CA}"
EndProject
Project("{FAE04EC0-301F-11D3-BF4B-00C04F79EFBC}") = "Interfaces", "Interfaces\Interfaces.csproj", "{04D2D60A-08DA-4E6D-9C59-B6344A036908}"
EndProject
Project("{FAE04EC0-301F-11D3-BF4B-00C04F79EFBC}") = "Class Intro", "Class Intro\Class Intro.csproj", "{B03358BC-6241-4B34-A5BF-8BD200F00E8F}"
EndProject
Project("{FAE04EC0-301F-11D3-BF4B-00C04F79EFBC}") = "ClassesHomework", "ClassesHomework\ClassesHomework.csproj", "{B377132C-0981-4FFC-90A8-0A34117FADFD}"
EndProject
Project("{FAE04EC0-301F-11D3-BF4B-00C04F79EFBC}") = "ClassHomework2", "ClassHomework2\ClassHomework2.csproj", "{D1010FAD-4E48-4731-A4A0-C02EA91BCB72}"
EndProject
Project("{9A19103F-16F7-4668-BE54-9A1E7A4F7556}") = "Methods2", "Methods2\Methods2.csproj", "{C6D5D0B7-9D32-4536-85FB-7AFF85C76E86}"
EndProject
Project("{9A19103F-16F7-4668-BE54-9A1E7A4F7556}") = "DegerveReferansTipler", "ConsoleApp1\DegerveReferansTipler.csproj", "{46109747-92AA-40A9-ADB6-1B3E10AE1B30}"
EndProject
Project("{9A19103F-16F7-4668-BE54-9A1E7A4F7556}") = "CustomerManager HW", "CustomerManager HW\CustomerManager HW.csproj", "{323F708B-74C5-4920-BC84-1C676BF85480}"
EndProject
Project("{9A19103F-16F7-4668-BE54-9A1E7A4F7556}") = "OOP1", "OOP1\OOP1.csproj", "{51D90C1F-C2D0-4159-9841-37F487826D96}"
EndProject
Project("{9A19103F-16F7-4668-BE54-9A1E7A4F7556}") = "Collections", "Collections\Collections.csproj", "{EA49C535-5040-4B4D-9B05-7B4137666914}"
EndProject
Project("{FAE04EC0-301F-11D3-BF4B-00C04F79EFBC}") = "Generics Intro", "Generics Intro\Generics Intro.csproj", "{8D618461-8995-46AE-92A6-575046D4A90C}"
EndProject
Project("{9A19103F-16F7-4668-BE54-9A1E7A4F7556}") = "GeneticsIntro", "GeneticsIntro\GeneticsIntro.csproj", "{636FFE25-7615-4AF5-A07D-22A4939DC453}"
EndProject
Project("{9A19103F-16F7-4668-BE54-9A1E7A4F7556}") = "OOP2", "OOP2\OOP2.csproj", "{7C2ABBA5-0EAF-40D6-B0DF-51863336C069}"
EndProject
Project("{9A19103F-16F7-4668-BE54-9A1E7A4F7556}") = "GenericIntroHW", "GenericIntroHW\GenericIntroHW.csproj", "{B7671911-846A-4457-B640-F58D7C8A5FC9}"
EndProject
Project("{9A19103F-16F7-4668-BE54-9A1E7A4F7556}") = "OOP3", "OOP3\OOP3.csproj", "{43112144-B968-4769-A2D5-C20433B370EF}"
EndProject
Project("{9A19103F-16F7-4668-BE54-9A1E7A4F7556}") = "OOP4", "OOP4\OOP4.csproj", "{043A62B1-8964-4FAF-BF3A-2B2D6AA103B5}"
EndProject
Project("{9A19103F-16F7-4668-BE54-9A1E7A4F7556}") = "OOP5", "OOP5\OOP5.csproj", "{E7617373-3D7D-41F5-9EB2-70D2A84D3C40}"
EndProject
Project("{9A19103F-16F7-4668-BE54-9A1E7A4F7556}") = "OOP6", "OOP6\OOP6.csproj", "{91F082EF-174D-40B1-AFA1-4543439F127B}"
EndProject
Project("{9A19103F-16F7-4668-BE54-9A1E7A4F7556}") = "OOP7", "OOP7\OOP7.csproj", "{FD0C8867-CF21-4E9A-B71B-FBE3B47247F5}"
EndProject
Project("{FAE04EC0-301F-11D3-BF4B-00C04F79EFBC}") = "OOP8", "OOP8\OOP8.csproj", "{FC7B2E76-6BB3-46C1-BBB7-D43128E99936}"
EndProject
Project("{FAE04EC0-301F-11D3-BF4B-00C04F79EFBC}") = "OOP9", "OOP9\OOP9.csproj", "{9CF177AB-155B-4F1A-9DA1-A31143C5F24D}"
EndProject
Project("{FAE04EC0-301F-11D3-BF4B-00C04F79EFBC}") = "OOP HW", "OOP HW\OOP HW.csproj", "{A79E8190-B9E7-4F1F-AD54-7D95BF5E7712}"
EndProject
Global
	GlobalSection(SolutionConfigurationPlatforms) = preSolution
		Debug|Any CPU = Debug|Any CPU
		Release|Any CPU = Release|Any CPU
	EndGlobalSection
	GlobalSection(ProjectConfigurationPlatforms) = postSolution
		{6B1253DF-5DD0-4750-9864-96CD79773E37}.Debug|Any CPU.ActiveCfg = Debug|Any CPU
		{6B1253DF-5DD0-4750-9864-96CD79773E37}.Debug|Any CPU.Build.0 = Debug|Any CPU
		{6B1253DF-5DD0-4750-9864-96CD79773E37}.Release|Any CPU.ActiveCfg = Release|Any CPU
		{6B1253DF-5DD0-4750-9864-96CD79773E37}.Release|Any CPU.Build.0 = Release|Any CPU
		{4B67BF2D-C298-4FDB-B766-F2E00C72409F}.Debug|Any CPU.ActiveCfg = Debug|Any CPU
		{4B67BF2D-C298-4FDB-B766-F2E00C72409F}.Debug|Any CPU.Build.0 = Debug|Any CPU
		{4B67BF2D-C298-4FDB-B766-F2E00C72409F}.Release|Any CPU.ActiveCfg = Release|Any CPU
		{4B67BF2D-C298-4FDB-B766-F2E00C72409F}.Release|Any CPU.Build.0 = Release|Any CPU
		{BEE0CCB5-4C0A-4F39-9B15-09659EB9A7F9}.Debug|Any CPU.ActiveCfg = Debug|Any CPU
		{BEE0CCB5-4C0A-4F39-9B15-09659EB9A7F9}.Debug|Any CPU.Build.0 = Debug|Any CPU
		{BEE0CCB5-4C0A-4F39-9B15-09659EB9A7F9}.Release|Any CPU.ActiveCfg = Release|Any CPU
		{BEE0CCB5-4C0A-4F39-9B15-09659EB9A7F9}.Release|Any CPU.Build.0 = Release|Any CPU
		{BA1FB999-2CE1-4282-A1E0-FC70F126291D}.Debug|Any CPU.ActiveCfg = Debug|Any CPU
		{BA1FB999-2CE1-4282-A1E0-FC70F126291D}.Debug|Any CPU.Build.0 = Debug|Any CPU
		{BA1FB999-2CE1-4282-A1E0-FC70F126291D}.Release|Any CPU.ActiveCfg = Release|Any CPU
		{BA1FB999-2CE1-4282-A1E0-FC70F126291D}.Release|Any CPU.Build.0 = Release|Any CPU
		{C8FD419E-EC72-4238-A207-7DA15446F069}.Debug|Any CPU.ActiveCfg = Debug|Any CPU
		{C8FD419E-EC72-4238-A207-7DA15446F069}.Debug|Any CPU.Build.0 = Debug|Any CPU
		{C8FD419E-EC72-4238-A207-7DA15446F069}.Release|Any CPU.ActiveCfg = Release|Any CPU
		{C8FD419E-EC72-4238-A207-7DA15446F069}.Release|Any CPU.Build.0 = Release|Any CPU
		{3C25CE73-2907-4743-83B4-F93D0EC468E8}.Debug|Any CPU.ActiveCfg = Debug|Any CPU
		{3C25CE73-2907-4743-83B4-F93D0EC468E8}.Debug|Any CPU.Build.0 = Debug|Any CPU
		{3C25CE73-2907-4743-83B4-F93D0EC468E8}.Release|Any CPU.ActiveCfg = Release|Any CPU
		{3C25CE73-2907-4743-83B4-F93D0EC468E8}.Release|Any CPU.Build.0 = Release|Any CPU
		{99D9FDD0-8054-4C28-AC34-8FB871A54F7E}.Debug|Any CPU.ActiveCfg = Debug|Any CPU
		{99D9FDD0-8054-4C28-AC34-8FB871A54F7E}.Debug|Any CPU.Build.0 = Debug|Any CPU
		{99D9FDD0-8054-4C28-AC34-8FB871A54F7E}.Release|Any CPU.ActiveCfg = Release|Any CPU
		{99D9FDD0-8054-4C28-AC34-8FB871A54F7E}.Release|Any CPU.Build.0 = Release|Any CPU
		{F1DB7166-933E-4C30-8C01-F5755BBBA9CA}.Debug|Any CPU.ActiveCfg = Debug|Any CPU
		{F1DB7166-933E-4C30-8C01-F5755BBBA9CA}.Debug|Any CPU.Build.0 = Debug|Any CPU
		{F1DB7166-933E-4C30-8C01-F5755BBBA9CA}.Release|Any CPU.ActiveCfg = Release|Any CPU
		{F1DB7166-933E-4C30-8C01-F5755BBBA9CA}.Release|Any CPU.Build.0 = Release|Any CPU
		{04D2D60A-08DA-4E6D-9C59-B6344A036908}.Debug|Any CPU.ActiveCfg = Debug|Any CPU
		{04D2D60A-08DA-4E6D-9C59-B6344A036908}.Debug|Any CPU.Build.0 = Debug|Any CPU
		{04D2D60A-08DA-4E6D-9C59-B6344A036908}.Release|Any CPU.ActiveCfg = Release|Any CPU
		{04D2D60A-08DA-4E6D-9C59-B6344A036908}.Release|Any CPU.Build.0 = Release|Any CPU
		{B03358BC-6241-4B34-A5BF-8BD200F00E8F}.Debug|Any CPU.ActiveCfg = Debug|Any CPU
		{B03358BC-6241-4B34-A5BF-8BD200F00E8F}.Debug|Any CPU.Build.0 = Debug|Any CPU
		{B03358BC-6241-4B34-A5BF-8BD200F00E8F}.Release|Any CPU.ActiveCfg = Release|Any CPU
		{B03358BC-6241-4B34-A5BF-8BD200F00E8F}.Release|Any CPU.Build.0 = Release|Any CPU
		{B377132C-0981-4FFC-90A8-0A34117FADFD}.Debug|Any CPU.ActiveCfg = Debug|Any CPU
		{B377132C-0981-4FFC-90A8-0A34117FADFD}.Debug|Any CPU.Build.0 = Debug|Any CPU
		{B377132C-0981-4FFC-90A8-0A34117FADFD}.Release|Any CPU.ActiveCfg = Release|Any CPU
		{B377132C-0981-4FFC-90A8-0A34117FADFD}.Release|Any CPU.Build.0 = Release|Any CPU
		{D1010FAD-4E48-4731-A4A0-C02EA91BCB72}.Debug|Any CPU.ActiveCfg = Debug|Any CPU
		{D1010FAD-4E48-4731-A4A0-C02EA91BCB72}.Debug|Any CPU.Build.0 = Debug|Any CPU
		{D1010FAD-4E48-4731-A4A0-C02EA91BCB72}.Release|Any CPU.ActiveCfg = Release|Any CPU
		{D1010FAD-4E48-4731-A4A0-C02EA91BCB72}.Release|Any CPU.Build.0 = Release|Any CPU
		{C6D5D0B7-9D32-4536-85FB-7AFF85C76E86}.Debug|Any CPU.ActiveCfg = Debug|Any CPU
		{C6D5D0B7-9D32-4536-85FB-7AFF85C76E86}.Debug|Any CPU.Build.0 = Debug|Any CPU
		{C6D5D0B7-9D32-4536-85FB-7AFF85C76E86}.Release|Any CPU.ActiveCfg = Release|Any CPU
		{C6D5D0B7-9D32-4536-85FB-7AFF85C76E86}.Release|Any CPU.Build.0 = Release|Any CPU
		{46109747-92AA-40A9-ADB6-1B3E10AE1B30}.Debug|Any CPU.ActiveCfg = Debug|Any CPU
		{46109747-92AA-40A9-ADB6-1B3E10AE1B30}.Debug|Any CPU.Build.0 = Debug|Any CPU
		{46109747-92AA-40A9-ADB6-1B3E10AE1B30}.Release|Any CPU.ActiveCfg = Release|Any CPU
		{46109747-92AA-40A9-ADB6-1B3E10AE1B30}.Release|Any CPU.Build.0 = Release|Any CPU
		{323F708B-74C5-4920-BC84-1C676BF85480}.Debug|Any CPU.ActiveCfg = Debug|Any CPU
		{323F708B-74C5-4920-BC84-1C676BF85480}.Debug|Any CPU.Build.0 = Debug|Any CPU
		{323F708B-74C5-4920-BC84-1C676BF85480}.Release|Any CPU.ActiveCfg = Release|Any CPU
		{323F708B-74C5-4920-BC84-1C676BF85480}.Release|Any CPU.Build.0 = Release|Any CPU
		{51D90C1F-C2D0-4159-9841-37F487826D96}.Debug|Any CPU.ActiveCfg = Debug|Any CPU
		{51D90C1F-C2D0-4159-9841-37F487826D96}.Debug|Any CPU.Build.0 = Debug|Any CPU
		{51D90C1F-C2D0-4159-9841-37F487826D96}.Release|Any CPU.ActiveCfg = Release|Any CPU
		{51D90C1F-C2D0-4159-9841-37F487826D96}.Release|Any CPU.Build.0 = Release|Any CPU
		{EA49C535-5040-4B4D-9B05-7B4137666914}.Debug|Any CPU.ActiveCfg = Debug|Any CPU
		{EA49C535-5040-4B4D-9B05-7B4137666914}.Debug|Any CPU.Build.0 = Debug|Any CPU
		{EA49C535-5040-4B4D-9B05-7B4137666914}.Release|Any CPU.ActiveCfg = Release|Any CPU
		{EA49C535-5040-4B4D-9B05-7B4137666914}.Release|Any CPU.Build.0 = Release|Any CPU
		{8D618461-8995-46AE-92A6-575046D4A90C}.Debug|Any CPU.ActiveCfg = Debug|Any CPU
		{8D618461-8995-46AE-92A6-575046D4A90C}.Debug|Any CPU.Build.0 = Debug|Any CPU
		{8D618461-8995-46AE-92A6-575046D4A90C}.Release|Any CPU.ActiveCfg = Release|Any CPU
		{8D618461-8995-46AE-92A6-575046D4A90C}.Release|Any CPU.Build.0 = Release|Any CPU
		{636FFE25-7615-4AF5-A07D-22A4939DC453}.Debug|Any CPU.ActiveCfg = Debug|Any CPU
		{636FFE25-7615-4AF5-A07D-22A4939DC453}.Debug|Any CPU.Build.0 = Debug|Any CPU
		{636FFE25-7615-4AF5-A07D-22A4939DC453}.Release|Any CPU.ActiveCfg = Release|Any CPU
		{636FFE25-7615-4AF5-A07D-22A4939DC453}.Release|Any CPU.Build.0 = Release|Any CPU
		{7C2ABBA5-0EAF-40D6-B0DF-51863336C069}.Debug|Any CPU.ActiveCfg = Debug|Any CPU
		{7C2ABBA5-0EAF-40D6-B0DF-51863336C069}.Debug|Any CPU.Build.0 = Debug|Any CPU
		{7C2ABBA5-0EAF-40D6-B0DF-51863336C069}.Release|Any CPU.ActiveCfg = Release|Any CPU
		{7C2ABBA5-0EAF-40D6-B0DF-51863336C069}.Release|Any CPU.Build.0 = Release|Any CPU
		{B7671911-846A-4457-B640-F58D7C8A5FC9}.Debug|Any CPU.ActiveCfg = Debug|Any CPU
		{B7671911-846A-4457-B640-F58D7C8A5FC9}.Debug|Any CPU.Build.0 = Debug|Any CPU
		{B7671911-846A-4457-B640-F58D7C8A5FC9}.Release|Any CPU.ActiveCfg = Release|Any CPU
		{B7671911-846A-4457-B640-F58D7C8A5FC9}.Release|Any CPU.Build.0 = Release|Any CPU
		{43112144-B968-4769-A2D5-C20433B370EF}.Debug|Any CPU.ActiveCfg = Debug|Any CPU
		{43112144-B968-4769-A2D5-C20433B370EF}.Debug|Any CPU.Build.0 = Debug|Any CPU
		{43112144-B968-4769-A2D5-C20433B370EF}.Release|Any CPU.ActiveCfg = Release|Any CPU
		{43112144-B968-4769-A2D5-C20433B370EF}.Release|Any CPU.Build.0 = Release|Any CPU
		{043A62B1-8964-4FAF-BF3A-2B2D6AA103B5}.Debug|Any CPU.ActiveCfg = Debug|Any CPU
		{043A62B1-8964-4FAF-BF3A-2B2D6AA103B5}.Debug|Any CPU.Build.0 = Debug|Any CPU
		{043A62B1-8964-4FAF-BF3A-2B2D6AA103B5}.Release|Any CPU.ActiveCfg = Release|Any CPU
		{043A62B1-8964-4FAF-BF3A-2B2D6AA103B5}.Release|Any CPU.Build.0 = Release|Any CPU
		{E7617373-3D7D-41F5-9EB2-70D2A84D3C40}.Debug|Any CPU.ActiveCfg = Debug|Any CPU
		{E7617373-3D7D-41F5-9EB2-70D2A84D3C40}.Debug|Any CPU.Build.0 = Debug|Any CPU
		{E7617373-3D7D-41F5-9EB2-70D2A84D3C40}.Release|Any CPU.ActiveCfg = Release|Any CPU
		{E7617373-3D7D-41F5-9EB2-70D2A84D3C40}.Release|Any CPU.Build.0 = Release|Any CPU
		{91F082EF-174D-40B1-AFA1-4543439F127B}.Debug|Any CPU.ActiveCfg = Debug|Any CPU
		{91F082EF-174D-40B1-AFA1-4543439F127B}.Debug|Any CPU.Build.0 = Debug|Any CPU
		{91F082EF-174D-40B1-AFA1-4543439F127B}.Release|Any CPU.ActiveCfg = Release|Any CPU
		{91F082EF-174D-40B1-AFA1-4543439F127B}.Release|Any CPU.Build.0 = Release|Any CPU
		{FD0C8867-CF21-4E9A-B71B-FBE3B47247F5}.Debug|Any CPU.ActiveCfg = Debug|Any CPU
		{FD0C8867-CF21-4E9A-B71B-FBE3B47247F5}.Debug|Any CPU.Build.0 = Debug|Any CPU
		{FD0C8867-CF21-4E9A-B71B-FBE3B47247F5}.Release|Any CPU.ActiveCfg = Release|Any CPU
		{FD0C8867-CF21-4E9A-B71B-FBE3B47247F5}.Release|Any CPU.Build.0 = Release|Any CPU
		{FC7B2E76-6BB3-46C1-BBB7-D43128E99936}.Debug|Any CPU.ActiveCfg = Debug|Any CPU
		{FC7B2E76-6BB3-46C1-BBB7-D43128E99936}.Debug|Any CPU.Build.0 = Debug|Any CPU
		{FC7B2E76-6BB3-46C1-BBB7-D43128E99936}.Release|Any CPU.ActiveCfg = Release|Any CPU
		{FC7B2E76-6BB3-46C1-BBB7-D43128E99936}.Release|Any CPU.Build.0 = Release|Any CPU
		{9CF177AB-155B-4F1A-9DA1-A31143C5F24D}.Debug|Any CPU.ActiveCfg = Debug|Any CPU
		{9CF177AB-155B-4F1A-9DA1-A31143C5F24D}.Debug|Any CPU.Build.0 = Debug|Any CPU
		{9CF177AB-155B-4F1A-9DA1-A31143C5F24D}.Release|Any CPU.ActiveCfg = Release|Any CPU
		{9CF177AB-155B-4F1A-9DA1-A31143C5F24D}.Release|Any CPU.Build.0 = Release|Any CPU
		{A79E8190-B9E7-4F1F-AD54-7D95BF5E7712}.Debug|Any CPU.ActiveCfg = Debug|Any CPU
		{A79E8190-B9E7-4F1F-AD54-7D95BF5E7712}.Debug|Any CPU.Build.0 = Debug|Any CPU
		{A79E8190-B9E7-4F1F-AD54-7D95BF5E7712}.Release|Any CPU.ActiveCfg = Release|Any CPU
		{A79E8190-B9E7-4F1F-AD54-7D95BF5E7712}.Release|Any CPU.Build.0 = Release|Any CPU
	EndGlobalSection
	GlobalSection(SolutionProperties) = preSolution
		HideSolutionNode = FALSE
	EndGlobalSection
	GlobalSection(ExtensibilityGlobals) = postSolution
		SolutionGuid = {60F08A00-567A-4AC8-88A8-7D5FCC49827F}
	EndGlobalSection
EndGlobal
